
Microsoft Visual Studio Solution File, Format Version 12.00
# Visual Studio Version 16
VisualStudioVersion = 16.0.30406.217
MinimumVisualStudioVersion = 10.0.40219.1
Project("{FAE04EC0-301F-11D3-BF4B-00C04F79EFBC}") = "Currency_Conversion_Application", "Currency_Conversion_Application\Currency_Conversion_Application.csproj", "{0B8006EC-F579-4D55-902A-C4998157547C}"
EndProject
Project("{2150E333-8FDC-42A3-9474-1A3956D46DE8}") = "Solution Items", "Solution Items", "{765B3DB8-4BCD-4707-999E-84DBDBB02CC0}"
	ProjectSection(SolutionItems) = preProject
		Currencys.cs = Currencys.cs
		TestSettings1.testsettings = TestSettings1.testsettings
	EndProjectSection
EndProject
Global
	GlobalSection(SolutionConfigurationPlatforms) = preSolution
		Debug|Any CPU = Debug|Any CPU
		Release|Any CPU = Release|Any CPU
	EndGlobalSection
	GlobalSection(ProjectConfigurationPlatforms) = postSolution
		{0B8006EC-F579-4D55-902A-C4998157547C}.Debug|Any CPU.ActiveCfg = Debug|Any CPU
		{0B8006EC-F579-4D55-902A-C4998157547C}.Debug|Any CPU.Build.0 = Debug|Any CPU
		{0B8006EC-F579-4D55-902A-C4998157547C}.Release|Any CPU.ActiveCfg = Release|Any CPU
		{0B8006EC-F579-4D55-902A-C4998157547C}.Release|Any CPU.Build.0 = Release|Any CPU
	EndGlobalSection
	GlobalSection(SolutionProperties) = preSolution
		HideSolutionNode = FALSE
	EndGlobalSection
	GlobalSection(ExtensibilityGlobals) = postSolution
		SolutionGuid = {A0EF8D02-3509-4E7A-96E2-FA120A2F0877}
	EndGlobalSection
EndGlobal
